
Microsoft Visual Studio Solution File, Format Version 12.00
# Visual Studio 15
VisualStudioVersion = 15.0.27004.2005
MinimumVisualStudioVersion = 10.0.40219.1
Project("{FAE04EC0-301F-11D3-BF4B-00C04F79EFBC}") = "GUI_SF18-2016", "GUI_SF18-2016\GUI_SF18-2016.csproj", "{D2237675-2858-4957-9125-F81F9CC4F1A9}"
EndProject
Global
	GlobalSection(SolutionConfigurationPlatforms) = preSolution
		Debug|Any CPU = Debug|Any CPU
		Release|Any CPU = Release|Any CPU
	EndGlobalSection
	GlobalSection(ProjectConfigurationPlatforms) = postSolution
		{D2237675-2858-4957-9125-F81F9CC4F1A9}.Debug|Any CPU.ActiveCfg = Debug|Any CPU
		{D2237675-2858-4957-9125-F81F9CC4F1A9}.Debug|Any CPU.Build.0 = Debug|Any CPU
		{D2237675-2858-4957-9125-F81F9CC4F1A9}.Release|Any CPU.ActiveCfg = Release|Any CPU
		{D2237675-2858-4957-9125-F81F9CC4F1A9}.Release|Any CPU.Build.0 = Release|Any CPU
	EndGlobalSection
	GlobalSection(SolutionProperties) = preSolution
		HideSolutionNode = FALSE
	EndGlobalSection
	GlobalSection(ExtensibilityGlobals) = postSolution
		SolutionGuid = {710E58FB-3F6C-4790-82D1-7BAC7DE81C63}
	EndGlobalSection
EndGlobal
